{
  "pins" : [
    {
      "identity" : "bigint",
      "kind" : "remoteSourceControl",
      "location" : "https://github.com/attaswift/BigInt.git",
      "state" : {
        "revision" : "0ed110f7555c34ff468e72e1686e59721f2b0da6",
        "version" : "5.3.0"
      }
    },
    {
      "identity" : "bluetooth",
      "kind" : "remoteSourceControl",
      "location" : "https://github.com/PureSwift/Bluetooth.git",
      "state" : {
        "revision" : "b0530d6bc367290be0f4babdc47782650450bc0e",
        "version" : "6.4.2"
      }
    },
    {
      "identity" : "bluetoothlinux",
      "kind" : "remoteSourceControl",
      "location" : "https://github.com/PureSwift/BluetoothLinux.git",
      "state" : {
        "branch" : "master",
        "revision" : "372fd17a1fcff56d13b8bdc4d082478cda1e9f65"
      }
    },
    {
      "identity" : "gatt",
      "kind" : "remoteSourceControl",
      "location" : "https://github.com/PureSwift/GATT.git",
      "state" : {
        "branch" : "master",
        "revision" : "77d3bc6fa5b0c4bb4f8634f7a633cecdbcae5843"
      }
    },
    {
      "identity" : "govee",
      "kind" : "remoteSourceControl",
      "location" : "https://github.com/MillerTechnologyPeru/Govee.git",
      "state" : {
        "branch" : "master",
        "revision" : "d681e837edc832fc877a409c7d9d967afda8f416"
      }
    },
    {
      "identity" : "hap",
      "kind" : "remoteSourceControl",
      "location" : "https://github.com/MillerTechnologyPeru/HAP.git",
      "state" : {
        "branch" : "master",
        "revision" : "51e3505a34eb842f7491fda48bb4ef873b16b68c"
      }
    },
    {
      "identity" : "inkbird",
      "kind" : "remoteSourceControl",
      "location" : "https://github.com/MillerTechnologyPeru/Inkbird.git",
      "state" : {
        "branch" : "master",
        "revision" : "09fbba973bce6b74743043dc8df9d2e0f7bdc6cc"
      }
    },
    {
      "identity" : "regex",
      "kind" : "remoteSourceControl",
      "location" : "https://github.com/crossroadlabs/Regex.git",
      "state" : {
        "revision" : "166728756082a9cac6e4aed3ebbce8e41cb3a945",
        "version" : "1.2.0"
      }
    },
    {
      "identity" : "socket",
      "kind" : "remoteSourceControl",
      "location" : "https://github.com/PureSwift/Socket.git",
      "state" : {
        "branch" : "main",
        "revision" : "489e63b9cf0998f820f9f994f25cd5cb5f602404"
      }
    },
    {
      "identity" : "srp",
      "kind" : "remoteSourceControl",
      "location" : "https://github.com/Bouke/SRP.git",
      "state" : {
        "revision" : "c01934477cb0aa14b4da5c3cb61d447bd6393ce0",
        "version" : "3.2.1"
      }
    },
    {
      "identity" : "swift-argument-parser",
      "kind" : "remoteSourceControl",
      "location" : "https://github.com/apple/swift-argument-parser.git",
      "state" : {
        "revision" : "c8ed701b513cf5177118a175d85fbbbcd707ab41",
        "version" : "1.3.0"
      }
    },
    {
      "identity" : "swift-atomics",
      "kind" : "remoteSourceControl",
      "location" : "https://github.com/apple/swift-atomics.git",
      "state" : {
        "revision" : "cd142fd2f64be2100422d658e7411e39489da985",
        "version" : "1.2.0"
      }
    },
    {
      "identity" : "swift-collections",
      "kind" : "remoteSourceControl",
      "location" : "https://github.com/apple/swift-collections.git",
      "state" : {
        "revision" : "94cf62b3ba8d4bed62680a282d4c25f9c63c2efb",
        "version" : "1.1.0"
      }
    },
    {
      "identity" : "swift-crypto",
      "kind" : "remoteSourceControl",
      "location" : "https://github.com/apple/swift-crypto.git",
      "state" : {
        "revision" : "ddb07e896a2a8af79512543b1c7eb9797f8898a5",
        "version" : "1.1.7"
      }
    },
    {
      "identity" : "swift-log",
      "kind" : "remoteSourceControl",
      "location" : "https://github.com/apple/swift-log.git",
      "state" : {
        "revision" : "e97a6fcb1ab07462881ac165fdbb37f067e205d5",
        "version" : "1.5.4"
      }
    },
    {
      "identity" : "swift-nio",
      "kind" : "remoteSourceControl",
      "location" : "https://github.com/apple/swift-nio.git",
      "state" : {
        "revision" : "fc63f0cf4e55a4597407a9fc95b16a2bc44b4982",
        "version" : "2.64.0"
      }
    },
    {
      "identity" : "swift-system",
      "kind" : "remoteSourceControl",
      "location" : "https://github.com/PureSwift/swift-system",
      "state" : {
        "branch" : "feature/dynamic-lib",
        "revision" : "bd3d1f6321a489ee443860ebe0f26ff689c938ad"
      }
    }
  ],
  "version" : 2
}
